
Microsoft Visual Studio Solution File, Format Version 12.00
# Visual Studio Version 16
VisualStudioVersion = 16.0.32106.194
MinimumVisualStudioVersion = 10.0.40219.1
Project("{FAE04EC0-301F-11D3-BF4B-00C04F79EFBC}") = "KG.Packer", "KG.Packer\KG.Packer.csproj", "{EB67DA78-EB0A-4105-BE38-DA3D39F141E6}"
EndProject
Global
	GlobalSection(SolutionConfigurationPlatforms) = preSolution
		Debug|Any CPU = Debug|Any CPU
		Release|Any CPU = Release|Any CPU
	EndGlobalSection
	GlobalSection(ProjectConfigurationPlatforms) = postSolution
		{EB67DA78-EB0A-4105-BE38-DA3D39F141E6}.Debug|Any CPU.ActiveCfg = Debug|Any CPU
		{EB67DA78-EB0A-4105-BE38-DA3D39F141E6}.Debug|Any CPU.Build.0 = Debug|Any CPU
		{EB67DA78-EB0A-4105-BE38-DA3D39F141E6}.Release|Any CPU.ActiveCfg = Release|Any CPU
		{EB67DA78-EB0A-4105-BE38-DA3D39F141E6}.Release|Any CPU.Build.0 = Release|Any CPU
	EndGlobalSection
	GlobalSection(SolutionProperties) = preSolution
		HideSolutionNode = FALSE
	EndGlobalSection
	GlobalSection(ExtensibilityGlobals) = postSolution
		SolutionGuid = {04E83F51-22C0-430A-B9B9-AB5BDD8D5AF7}
	EndGlobalSection
EndGlobal
